
Microsoft Visual Studio Solution File, Format Version 12.00
# Visual Studio Version 17
VisualStudioVersion = 17.0.31717.71
MinimumVisualStudioVersion = 10.0.40219.1
Project("{2150E333-8FDC-42A3-9474-1A3956D46DE8}") = "src", "src", "{1A46AB3D-B0D2-48FF-9974-90590FC53EE0}"
EndProject
Project("{FAE04EC0-301F-11D3-BF4B-00C04F79EFBC}") = "SIO.IntegrationEvents", "src\SIO.IntegrationEvents\SIO.IntegrationEvents.csproj", "{6265D91C-BA3A-4899-9BC2-7EECE1A6239F}"
EndProject
Global
	GlobalSection(SolutionConfigurationPlatforms) = preSolution
		Debug|Any CPU = Debug|Any CPU
		Release|Any CPU = Release|Any CPU
	EndGlobalSection
	GlobalSection(ProjectConfigurationPlatforms) = postSolution
		{6265D91C-BA3A-4899-9BC2-7EECE1A6239F}.Debug|Any CPU.ActiveCfg = Debug|Any CPU
		{6265D91C-BA3A-4899-9BC2-7EECE1A6239F}.Debug|Any CPU.Build.0 = Debug|Any CPU
		{6265D91C-BA3A-4899-9BC2-7EECE1A6239F}.Release|Any CPU.ActiveCfg = Release|Any CPU
		{6265D91C-BA3A-4899-9BC2-7EECE1A6239F}.Release|Any CPU.Build.0 = Release|Any CPU
	EndGlobalSection
	GlobalSection(SolutionProperties) = preSolution
		HideSolutionNode = FALSE
	EndGlobalSection
	GlobalSection(NestedProjects) = preSolution
		{6265D91C-BA3A-4899-9BC2-7EECE1A6239F} = {1A46AB3D-B0D2-48FF-9974-90590FC53EE0}
	EndGlobalSection
	GlobalSection(ExtensibilityGlobals) = postSolution
		SolutionGuid = {6D334E6C-5472-4949-8E60-9F2AD78D34C4}
	EndGlobalSection
EndGlobal
